// !$*UTF8*$!
{
	archiveVersion = 1;
	classes = {
	};
	objectVersion = 45;
	objects = {

/* Begin PBXBuildFile section */
		1D3623260D0F684500981E51 /* PasteAppDelegate.m in Sources */ = {isa = PBXBuildFile; fileRef = 1D3623250D0F684500981E51 /* PasteAppDelegate.m */; };
		1D60589B0D05DD56006BFB54 /* main.m in Sources */ = {isa = PBXBuildFile; fileRef = 29B97316FDCFA39411CA2CEA /* main.m */; };
		1D60589F0D05DD5A006BFB54 /* Foundation.framework in Frameworks */ = {isa = PBXBuildFile; fileRef = 1D30AB110D05D00D00671497 /* Foundation.framework */; };
		1DF5F4E00D08C38300B7A737 /* UIKit.framework in Frameworks */ = {isa = PBXBuildFile; fileRef = 1DF5F4DF0D08C38300B7A737 /* UIKit.framework */; };
		2892E4100DC94CBA00A64D0F /* CoreGraphics.framework in Frameworks */ = {isa = PBXBuildFile; fileRef = 2892E40F0DC94CBA00A64D0F /* CoreGraphics.framework */; };
		28AD73600D9D9599002E5188 /* MainWindow.xib in Resources */ = {isa = PBXBuildFile; fileRef = 28AD735F0D9D9599002E5188 /* MainWindow.xib */; };
		7D37A41111E32273000BDF90 /* Icon.png in Resources */ = {isa = PBXBuildFile; fileRef = 7D37A41011E32273000BDF90 /* Icon.png */; };
		7D53126E11E3AD2F00647A0D /* Default.png in Resources */ = {isa = PBXBuildFile; fileRef = 7D53126D11E3AD2F00647A0D /* Default.png */; };
		7D5312AB11E4158000647A0D /* Icon-72.png in Resources */ = {isa = PBXBuildFile; fileRef = 7D5312A611E4158000647A0D /* Icon-72.png */; };
		7D5312AC11E4158000647A0D /* Icon-Small-50.png in Resources */ = {isa = PBXBuildFile; fileRef = 7D5312A711E4158000647A0D /* Icon-Small-50.png */; };
		7D5312AD11E4158000647A0D /* Icon-Small.png in Resources */ = {isa = PBXBuildFile; fileRef = 7D5312A811E4158000647A0D /* Icon-Small.png */; };
		7D5312AE11E4158000647A0D /* Icon-Small@2x.png in Resources */ = {isa = PBXBuildFile; fileRef = 7D5312A911E4158000647A0D /* Icon-Small@2x.png */; };
		7D5312AF11E4158000647A0D /* Icon@2x.png in Resources */ = {isa = PBXBuildFile; fileRef = 7D5312AA11E4158000647A0D /* Icon@2x.png */; };
		7D5312B711E4166600647A0D /* Default-Portrait.png in Resources */ = {isa = PBXBuildFile; fileRef = 7D5312B611E4166600647A0D /* Default-Portrait.png */; };
		7D5312BC11E41DB300647A0D /* PasteViewController.m in Sources */ = {isa = PBXBuildFile; fileRef = 7D5312BB11E41DB300647A0D /* PasteViewController.m */; };
		7D5312D711E41F4A00647A0D /* PasteView.xib in Resources */ = {isa = PBXBuildFile; fileRef = 7D5312D611E41F4A00647A0D /* PasteView.xib */; };
		7D8E96E211E4655D00179819 /* MainWindow-iPad.xib in Resources */ = {isa = PBXBuildFile; fileRef = 7D8E96E111E4655D00179819 /* MainWindow-iPad.xib */; };
		7D8E96F311E4676700179819 /* Default-Landscape.png in Resources */ = {isa = PBXBuildFile; fileRef = 7D8E96F211E4676700179819 /* Default-Landscape.png */; };
		7DB541E211E286CA00FE35CA /* Pastie.m in Sources */ = {isa = PBXBuildFile; fileRef = 7DD580C711E275E000B9B85E /* Pastie.m */; };
		7DE20C4E1218606C00A8280A /* Default@2x.png in Resources */ = {isa = PBXBuildFile; fileRef = 7DE20C4D1218606C00A8280A /* Default@2x.png */; };
/* End PBXBuildFile section */

/* Begin PBXFileReference section */
		1D30AB110D05D00D00671497 /* Foundation.framework */ = {isa = PBXFileReference; lastKnownFileType = wrapper.framework; name = Foundation.framework; path = System/Library/Frameworks/Foundation.framework; sourceTree = SDKROOT; };
		1D3623240D0F684500981E51 /* PasteAppDelegate.h */ = {isa = PBXFileReference; fileEncoding = 4; lastKnownFileType = sourcecode.c.h; path = PasteAppDelegate.h; sourceTree = "<group>"; };
		1D3623250D0F684500981E51 /* PasteAppDelegate.m */ = {isa = PBXFileReference; fileEncoding = 4; lastKnownFileType = sourcecode.c.objc; path = PasteAppDelegate.m; sourceTree = "<group>"; };
		1D6058910D05DD3D006BFB54 /* Paste.app */ = {isa = PBXFileReference; explicitFileType = wrapper.application; includeInIndex = 0; path = Paste.app; sourceTree = BUILT_PRODUCTS_DIR; };
		1DF5F4DF0D08C38300B7A737 /* UIKit.framework */ = {isa = PBXFileReference; lastKnownFileType = wrapper.framework; name = UIKit.framework; path = System/Library/Frameworks/UIKit.framework; sourceTree = SDKROOT; };
		2892E40F0DC94CBA00A64D0F /* CoreGraphics.framework */ = {isa = PBXFileReference; lastKnownFileType = wrapper.framework; name = CoreGraphics.framework; path = System/Library/Frameworks/CoreGraphics.framework; sourceTree = SDKROOT; };
		28A0AAE50D9B0CCF005BE974 /* Paste_Prefix.pch */ = {isa = PBXFileReference; fileEncoding = 4; lastKnownFileType = sourcecode.c.h; path = Paste_Prefix.pch; sourceTree = "<group>"; };
		28AD735F0D9D9599002E5188 /* MainWindow.xib */ = {isa = PBXFileReference; lastKnownFileType = file.xib; path = MainWindow.xib; sourceTree = "<group>"; };
		29B97316FDCFA39411CA2CEA /* main.m */ = {isa = PBXFileReference; fileEncoding = 4; lastKnownFileType = sourcecode.c.objc; path = main.m; sourceTree = "<group>"; };
		7D37A41011E32273000BDF90 /* Icon.png */ = {isa = PBXFileReference; lastKnownFileType = image.png; path = Icon.png; sourceTree = "<group>"; };
		7D53126D11E3AD2F00647A0D /* Default.png */ = {isa = PBXFileReference; lastKnownFileType = image.png; path = Default.png; sourceTree = "<group>"; };
		7D5312A611E4158000647A0D /* Icon-72.png */ = {isa = PBXFileReference; lastKnownFileType = image.png; path = "Icon-72.png"; sourceTree = "<group>"; };
		7D5312A711E4158000647A0D /* Icon-Small-50.png */ = {isa = PBXFileReference; lastKnownFileType = image.png; path = "Icon-Small-50.png"; sourceTree = "<group>"; };
		7D5312A811E4158000647A0D /* Icon-Small.png */ = {isa = PBXFileReference; lastKnownFileType = image.png; path = "Icon-Small.png"; sourceTree = "<group>"; };
		7D5312A911E4158000647A0D /* Icon-Small@2x.png */ = {isa = PBXFileReference; lastKnownFileType = image.png; path = "Icon-Small@2x.png"; sourceTree = "<group>"; };
		7D5312AA11E4158000647A0D /* Icon@2x.png */ = {isa = PBXFileReference; lastKnownFileType = image.png; path = "Icon@2x.png"; sourceTree = "<group>"; };
		7D5312B611E4166600647A0D /* Default-Portrait.png */ = {isa = PBXFileReference; lastKnownFileType = image.png; path = "Default-Portrait.png"; sourceTree = "<group>"; };
		7D5312BA11E41DB300647A0D /* PasteViewController.h */ = {isa = PBXFileReference; fileEncoding = 4; lastKnownFileType = sourcecode.c.h; path = PasteViewController.h; sourceTree = "<group>"; };
		7D5312BB11E41DB300647A0D /* PasteViewController.m */ = {isa = PBXFileReference; fileEncoding = 4; lastKnownFileType = sourcecode.c.objc; path = PasteViewController.m; sourceTree = "<group>"; };
		7D5312D611E41F4A00647A0D /* PasteView.xib */ = {isa = PBXFileReference; lastKnownFileType = file.xib; path = PasteView.xib; sourceTree = "<group>"; };
		7D8E96E111E4655D00179819 /* MainWindow-iPad.xib */ = {isa = PBXFileReference; lastKnownFileType = file.xib; path = "MainWindow-iPad.xib"; sourceTree = "<group>"; };
		7D8E96F211E4676700179819 /* Default-Landscape.png */ = {isa = PBXFileReference; lastKnownFileType = image.png; path = "Default-Landscape.png"; sourceTree = "<group>"; };
		7DD580C611E275E000B9B85E /* Pastie.h */ = {isa = PBXFileReference; fileEncoding = 4; lastKnownFileType = sourcecode.c.h; path = Pastie.h; sourceTree = "<group>"; };
		7DD580C711E275E000B9B85E /* Pastie.m */ = {isa = PBXFileReference; fileEncoding = 4; lastKnownFileType = sourcecode.c.objc; path = Pastie.m; sourceTree = "<group>"; };
		7DE20C4D1218606C00A8280A /* Default@2x.png */ = {isa = PBXFileReference; lastKnownFileType = image.png; path = "Default@2x.png"; sourceTree = "<group>"; };
		8D1107310486CEB800E47090 /* Paste-Info.plist */ = {isa = PBXFileReference; fileEncoding = 4; lastKnownFileType = text.plist.xml; path = "Paste-Info.plist"; plistStructureDefinitionIdentifier = "<none>"; sourceTree = "<group>"; };
/* End PBXFileReference section */

/* Begin PBXFrameworksBuildPhase section */
		1D60588F0D05DD3D006BFB54 /* Frameworks */ = {
			isa = PBXFrameworksBuildPhase;
			buildActionMask = 2147483647;
			files = (
				1D60589F0D05DD5A006BFB54 /* Foundation.framework in Frameworks */,
				1DF5F4E00D08C38300B7A737 /* UIKit.framework in Frameworks */,
				2892E4100DC94CBA00A64D0F /* CoreGraphics.framework in Frameworks */,
			);
			runOnlyForDeploymentPostprocessing = 0;
		};
/* End PBXFrameworksBuildPhase section */

/* Begin PBXGroup section */
		080E96DDFE201D6D7F000001 /* Classes */ = {
			isa = PBXGroup;
			children = (
				1D3623240D0F684500981E51 /* PasteAppDelegate.h */,
				1D3623250D0F684500981E51 /* PasteAppDelegate.m */,
				7D5312BA11E41DB300647A0D /* PasteViewController.h */,
				7D5312BB11E41DB300647A0D /* PasteViewController.m */,
				7DD580C611E275E000B9B85E /* Pastie.h */,
				7DD580C711E275E000B9B85E /* Pastie.m */,
			);
			path = Classes;
			sourceTree = "<group>";
		};
		19C28FACFE9D520D11CA2CBB /* Products */ = {
			isa = PBXGroup;
			children = (
				1D6058910D05DD3D006BFB54 /* Paste.app */,
			);
			name = Products;
			sourceTree = "<group>";
		};
		29B97314FDCFA39411CA2CEA /* CustomTemplate */ = {
			isa = PBXGroup;
			children = (
				080E96DDFE201D6D7F000001 /* Classes */,
				29B97315FDCFA39411CA2CEA /* Other Sources */,
				29B97317FDCFA39411CA2CEA /* Resources */,
				7D53128411E3AEDC00647A0D /* Resources-iPad */,
				29B97323FDCFA39411CA2CEA /* Frameworks */,
				19C28FACFE9D520D11CA2CBB /* Products */,
			);
			name = CustomTemplate;
			sourceTree = "<group>";
		};
		29B97315FDCFA39411CA2CEA /* Other Sources */ = {
			isa = PBXGroup;
			children = (
				28A0AAE50D9B0CCF005BE974 /* Paste_Prefix.pch */,
				29B97316FDCFA39411CA2CEA /* main.m */,
			);
			name = "Other Sources";
			sourceTree = "<group>";
		};
		29B97317FDCFA39411CA2CEA /* Resources */ = {
			isa = PBXGroup;
			children = (
				7D53126D11E3AD2F00647A0D /* Default.png */,
				7DE20C4D1218606C00A8280A /* Default@2x.png */,
				7D37A41011E32273000BDF90 /* Icon.png */,
				7D5312A811E4158000647A0D /* Icon-Small.png */,
				7D5312AA11E4158000647A0D /* Icon@2x.png */,
				7D5312A911E4158000647A0D /* Icon-Small@2x.png */,
				28AD735F0D9D9599002E5188 /* MainWindow.xib */,
				7D5312D611E41F4A00647A0D /* PasteView.xib */,
				8D1107310486CEB800E47090 /* Paste-Info.plist */,
			);
			name = Resources;
			sourceTree = "<group>";
		};
		29B97323FDCFA39411CA2CEA /* Frameworks */ = {
			isa = PBXGroup;
			children = (
				1DF5F4DF0D08C38300B7A737 /* UIKit.framework */,
				1D30AB110D05D00D00671497 /* Foundation.framework */,
				2892E40F0DC94CBA00A64D0F /* CoreGraphics.framework */,
			);
			name = Frameworks;
			sourceTree = "<group>";
		};
		7D53128411E3AEDC00647A0D /* Resources-iPad */ = {
			isa = PBXGroup;
			children = (
				7D5312B611E4166600647A0D /* Default-Portrait.png */,
				7D8E96F211E4676700179819 /* Default-Landscape.png */,
				7D5312A611E4158000647A0D /* Icon-72.png */,
				7D5312A711E4158000647A0D /* Icon-Small-50.png */,
				7D8E96E111E4655D00179819 /* MainWindow-iPad.xib */,
			);
			name = "Resources-iPad";
			sourceTree = "<group>";
		};
/* End PBXGroup section */

/* Begin PBXNativeTarget section */
		1D6058900D05DD3D006BFB54 /* Paste */ = {
			isa = PBXNativeTarget;
			buildConfigurationList = 1D6058960D05DD3E006BFB54 /* Build configuration list for PBXNativeTarget "Paste" */;
			buildPhases = (
				1D60588D0D05DD3D006BFB54 /* Resources */,
				1D60588E0D05DD3D006BFB54 /* Sources */,
				1D60588F0D05DD3D006BFB54 /* Frameworks */,
			);
			buildRules = (
			);
			dependencies = (
			);
			name = Paste;
			productName = Paste;
			productReference = 1D6058910D05DD3D006BFB54 /* Paste.app */;
			productType = "com.apple.product-type.application";
		};
/* End PBXNativeTarget section */

/* Begin PBXProject section */
		29B97313FDCFA39411CA2CEA /* Project object */ = {
			isa = PBXProject;
			attributes = {
				ORGANIZATIONNAME = "Xuzz Productions";
			};
			buildConfigurationList = C01FCF4E08A954540054247B /* Build configuration list for PBXProject "Paste" */;
			compatibilityVersion = "Xcode 3.1";
			developmentRegion = English;
			hasScannedForEncodings = 1;
			knownRegions = (
				English,
				Japanese,
				French,
				German,
				en,
			);
			mainGroup = 29B97314FDCFA39411CA2CEA /* CustomTemplate */;
			projectDirPath = "";
			projectRoot = "";
			targets = (
				1D6058900D05DD3D006BFB54 /* Paste */,
			);
		};
/* End PBXProject section */

/* Begin PBXResourcesBuildPhase section */
		1D60588D0D05DD3D006BFB54 /* Resources */ = {
			isa = PBXResourcesBuildPhase;
			buildActionMask = 2147483647;
			files = (
				28AD73600D9D9599002E5188 /* MainWindow.xib in Resources */,
				7D37A41111E32273000BDF90 /* Icon.png in Resources */,
				7D53126E11E3AD2F00647A0D /* Default.png in Resources */,
				7D5312AB11E4158000647A0D /* Icon-72.png in Resources */,
				7D5312AC11E4158000647A0D /* Icon-Small-50.png in Resources */,
				7D5312AD11E4158000647A0D /* Icon-Small.png in Resources */,
				7D5312AE11E4158000647A0D /* Icon-Small@2x.png in Resources */,
				7D5312AF11E4158000647A0D /* Icon@2x.png in Resources */,
				7D5312B711E4166600647A0D /* Default-Portrait.png in Resources */,
				7D5312D711E41F4A00647A0D /* PasteView.xib in Resources */,
				7D8E96E211E4655D00179819 /* MainWindow-iPad.xib in Resources */,
				7D8E96F311E4676700179819 /* Default-Landscape.png in Resources */,
				7DE20C4E1218606C00A8280A /* Default@2x.png in Resources */,
			);
			runOnlyForDeploymentPostprocessing = 0;
		};
/* End PBXResourcesBuildPhase section */

/* Begin PBXSourcesBuildPhase section */
		1D60588E0D05DD3D006BFB54 /* Sources */ = {
			isa = PBXSourcesBuildPhase;
			buildActionMask = 2147483647;
			files = (
				7DB541E211E286CA00FE35CA /* Pastie.m in Sources */,
				1D60589B0D05DD56006BFB54 /* main.m in Sources */,
				1D3623260D0F684500981E51 /* PasteAppDelegate.m in Sources */,
				7D5312BC11E41DB300647A0D /* PasteViewController.m in Sources */,
			);
			runOnlyForDeploymentPostprocessing = 0;
		};
/* End PBXSourcesBuildPhase section */

/* Begin XCBuildConfiguration section */
		1D6058940D05DD3E006BFB54 /* Debug */ = {
			isa = XCBuildConfiguration;
			buildSettings = {
				ALWAYS_SEARCH_USER_PATHS = NO;
				COPY_PHASE_STRIP = NO;
				GCC_DYNAMIC_NO_PIC = NO;
				GCC_OPTIMIZATION_LEVEL = 0;
				GCC_PRECOMPILE_PREFIX_HEADER = YES;
				GCC_PREFIX_HEADER = Paste_Prefix.pch;
				INFOPLIST_FILE = "Paste-Info.plist";
				PRODUCT_NAME = Paste;
			};
			name = Debug;
		};
		1D6058950D05DD3E006BFB54 /* Release */ = {
			isa = XCBuildConfiguration;
			buildSettings = {
				ALWAYS_SEARCH_USER_PATHS = NO;
				COPY_PHASE_STRIP = YES;
				GCC_PRECOMPILE_PREFIX_HEADER = YES;
				GCC_PREFIX_HEADER = Paste_Prefix.pch;
				INFOPLIST_FILE = "Paste-Info.plist";
				PRODUCT_NAME = Paste;
				VALIDATE_PRODUCT = YES;
			};
			name = Release;
		};
		C01FCF4F08A954540054247B /* Debug */ = {
			isa = XCBuildConfiguration;
			buildSettings = {
				ARCHS = "$(ARCHS_STANDARD_32_BIT)";
				"CODE_SIGN_IDENTITY[sdk=iphoneos*]" = "iPhone Developer";
				GCC_C_LANGUAGE_STANDARD = c99;
				GCC_WARN_ABOUT_RETURN_TYPE = YES;
				GCC_WARN_UNUSED_VARIABLE = YES;
				IPHONEOS_DEPLOYMENT_TARGET = 3.0;
				PREBINDING = NO;
				SDKROOT = iphoneos4.0;
				TARGETED_DEVICE_FAMILY = "1,2";
			};
			name = Debug;
		};
		C01FCF5008A954540054247B /* Release */ = {
			isa = XCBuildConfiguration;
			buildSettings = {
				ARCHS = "$(ARCHS_STANDARD_32_BIT)";
				"CODE_SIGN_IDENTITY[sdk=iphoneos*]" = "iPhone Developer";
				GCC_C_LANGUAGE_STANDARD = c99;
				GCC_WARN_ABOUT_RETURN_TYPE = YES;
				GCC_WARN_UNUSED_VARIABLE = YES;
				IPHONEOS_DEPLOYMENT_TARGET = 3.0;
				OTHER_CFLAGS = "-DNS_BLOCK_ASSERTIONS=1";
				PREBINDING = NO;
				SDKROOT = iphoneos4.0;
				TARGETED_DEVICE_FAMILY = "1,2";
			};
			name = Release;
		};
/* End XCBuildConfiguration section */

/* Begin XCConfigurationList section */
		1D6058960D05DD3E006BFB54 /* Build configuration list for PBXNativeTarget "Paste" */ = {
			isa = XCConfigurationList;
			buildConfigurations = (
				1D6058940D05DD3E006BFB54 /* Debug */,
				1D6058950D05DD3E006BFB54 /* Release */,
			);
			defaultConfigurationIsVisible = 0;
			defaultConfigurationName = Release;
		};
		C01FCF4E08A954540054247B /* Build configuration list for PBXProject "Paste" */ = {
			isa = XCConfigurationList;
			buildConfigurations = (
				C01FCF4F08A954540054247B /* Debug */,
				C01FCF5008A954540054247B /* Release */,
			);
			defaultConfigurationIsVisible = 0;
			defaultConfigurationName = Release;
		};
/* End XCConfigurationList section */
	};
	rootObject = 29B97313FDCFA39411CA2CEA /* Project object */;
}
